
Microsoft Visual Studio Solution File, Format Version 12.00
# Visual Studio Version 17
VisualStudioVersion = 17.4.33122.133
MinimumVisualStudioVersion = 10.0.40219.1
Project("{9A19103F-16F7-4668-BE54-9A1E7A4F7556}") = "GivenAPI", "GivenAPI.csproj", "{48265ACF-2960-4826-BAE8-E63181DBAC69}"
EndProject
Global
	GlobalSection(SolutionConfigurationPlatforms) = preSolution
		Debug|Any CPU = Debug|Any CPU
		Release|Any CPU = Release|Any CPU
	EndGlobalSection
	GlobalSection(ProjectConfigurationPlatforms) = postSolution
		{48265ACF-2960-4826-BAE8-E63181DBAC69}.Debug|Any CPU.ActiveCfg = Debug|Any CPU
		{48265ACF-2960-4826-BAE8-E63181DBAC69}.Debug|Any CPU.Build.0 = Debug|Any CPU
		{48265ACF-2960-4826-BAE8-E63181DBAC69}.Release|Any CPU.ActiveCfg = Release|Any CPU
		{48265ACF-2960-4826-BAE8-E63181DBAC69}.Release|Any CPU.Build.0 = Release|Any CPU
	EndGlobalSection
	GlobalSection(SolutionProperties) = preSolution
		HideSolutionNode = FALSE
	EndGlobalSection
	GlobalSection(ExtensibilityGlobals) = postSolution
		SolutionGuid = {AD03DE40-E722-4E04-841F-E6C154E0B1D9}
	EndGlobalSection
EndGlobal
